
Microsoft Visual Studio Solution File, Format Version 12.00
# Visual Studio Version 17
VisualStudioVersion = 17.4.33213.308
MinimumVisualStudioVersion = 10.0.40219.1
Project("{FAE04EC0-301F-11D3-BF4B-00C04F79EFBC}") = "Schody", "Schody.csproj", "{288FB5C7-EB25-40C6-A5C3-159E9F530D0A}"
EndProject
Global
	GlobalSection(SolutionConfigurationPlatforms) = preSolution
		Debug|Any CPU = Debug|Any CPU
		Release|Any CPU = Release|Any CPU
	EndGlobalSection
	GlobalSection(ProjectConfigurationPlatforms) = postSolution
		{288FB5C7-EB25-40C6-A5C3-159E9F530D0A}.Debug|Any CPU.ActiveCfg = Debug|Any CPU
		{288FB5C7-EB25-40C6-A5C3-159E9F530D0A}.Debug|Any CPU.Build.0 = Debug|Any CPU
		{288FB5C7-EB25-40C6-A5C3-159E9F530D0A}.Release|Any CPU.ActiveCfg = Release|Any CPU
		{288FB5C7-EB25-40C6-A5C3-159E9F530D0A}.Release|Any CPU.Build.0 = Release|Any CPU
	EndGlobalSection
	GlobalSection(SolutionProperties) = preSolution
		HideSolutionNode = FALSE
	EndGlobalSection
	GlobalSection(ExtensibilityGlobals) = postSolution
		SolutionGuid = {7D2F1AE2-F65E-4074-AC97-669ACC20C66E}
	EndGlobalSection
EndGlobal
